// !$*UTF8*$!
{
	archiveVersion = 1;
	classes = {
	};
	objectVersion = 42;
	objects = {

/* Begin PBXBuildFile section */
		521077B81124B6C000AB3826 /* ieee_fp.h in Headers */ = {isa = PBXBuildFile; fileRef = F5A36AF503D1D3D601A8015F /* ieee_fp.h */; };
		521077C51124B6C000AB3826 /* x3d.h in Headers */ = {isa = PBXBuildFile; fileRef = F5A36B0303D1D3D601A8015F /* x3d.h */; };
		521077C61124B6C000AB3826 /* opengl.h in Headers */ = {isa = PBXBuildFile; fileRef = F5A36BDD03D217A801A8015F /* opengl.h */; };
		521077CB1124B6C000AB3826 /* point3.h in Headers */ = {isa = PBXBuildFile; fileRef = F5BDAB0803D9363D01A8015F /* point3.h */; };
		521077CE1124B6C000AB3826 /* vector3.h in Headers */ = {isa = PBXBuildFile; fileRef = F5BDAB0B03D9363D01A8015F /* vector3.h */; };
		521077D01124B6C000AB3826 /* color.h in Headers */ = {isa = PBXBuildFile; fileRef = F5072F9003EDBE0901A80164 /* color.h */; };
		521077D11124B6C000AB3826 /* hemicube.h in Headers */ = {isa = PBXBuildFile; fileRef = F59D7EAD03F2194701A80164 /* hemicube.h */; };
		521077D31124B6C000AB3826 /* element.h in Headers */ = {isa = PBXBuildFile; fileRef = F59D7EB103F219C601A80164 /* element.h */; };
		521077E11124B6C000AB3826 /* hemicube.cpp in Sources */ = {isa = PBXBuildFile; fileRef = F5D05DA403F0DD1001A80164 /* hemicube.cpp */; };
		521077E21124B6C000AB3826 /* element.cpp in Sources */ = {isa = PBXBuildFile; fileRef = F59D7EB303F21C3301A80164 /* element.cpp */; };
		521077F51124B6C000AB3826 /* OpenGL.framework in Frameworks */ = {isa = PBXBuildFile; fileRef = F5A36B6403D1D84C01A8015F /* OpenGL.framework */; };
		521077F61124B6C000AB3826 /* GLUT.framework in Frameworks */ = {isa = PBXBuildFile; fileRef = F5A36B3003D1D6C301A8015F /* GLUT.framework */; };
		521077F81124B6C000AB3826 /* Cocoa.framework in Frameworks */ = {isa = PBXBuildFile; fileRef = F5A36C0303D21A9501A8015F /* Cocoa.framework */; };
		521078051124B6C000AB3826 /* window.h in Headers */ = {isa = PBXBuildFile; fileRef = F59D7EB803F2310C01A80164 /* window.h */; };
		521078061124B6C000AB3826 /* radiosity.h in Headers */ = {isa = PBXBuildFile; fileRef = F5D1793103F3645701A80164 /* radiosity.h */; };
		521078091124B6C000AB3826 /* main.cpp in Sources */ = {isa = PBXBuildFile; fileRef = F59D7EB603F2310C01A80164 /* main.cpp */; };
		5210780A1124B6C000AB3826 /* window.cpp in Sources */ = {isa = PBXBuildFile; fileRef = F59D7EB703F2310C01A80164 /* window.cpp */; };
		5210780B1124B6C000AB3826 /* radiosity.cpp in Sources */ = {isa = PBXBuildFile; fileRef = F5D1793203F3645701A80164 /* radiosity.cpp */; };
		5210780E1124B6C000AB3826 /* OpenGL.framework in Frameworks */ = {isa = PBXBuildFile; fileRef = F5A36B6403D1D84C01A8015F /* OpenGL.framework */; };
		5210780F1124B6C000AB3826 /* GLUT.framework in Frameworks */ = {isa = PBXBuildFile; fileRef = F5A36B3003D1D6C301A8015F /* GLUT.framework */; };
		521078101124B6C000AB3826 /* Cocoa.framework in Frameworks */ = {isa = PBXBuildFile; fileRef = F5A36C0303D21A9501A8015F /* Cocoa.framework */; };
		5210781D1124B6C000AB3826 /* libx3d.a in Frameworks */ = {isa = PBXBuildFile; fileRef = 521077EA1124B6C000AB3826 /* libx3d.a */; };
		5210781E1124B6C000AB3826 /* libx3d.a in Frameworks */ = {isa = PBXBuildFile; fileRef = 521077EA1124B6C000AB3826 /* libx3d.a */; };
/* End PBXBuildFile section */

/* Begin PBXContainerItemProxy section */
		521078191124B6C000AB3826 /* PBXContainerItemProxy */ = {
			isa = PBXContainerItemProxy;
			containerPortal = F5A36AE503D1D35201A8015F /* Project object */;
			proxyType = 1;
			remoteGlobalIDString = 521077B11124B6C000AB3826;
			remoteInfo = "libx3d.a (Upgraded)";
		};
		5210781B1124B6C000AB3826 /* PBXContainerItemProxy */ = {
			isa = PBXContainerItemProxy;
			containerPortal = F5A36AE503D1D35201A8015F /* Project object */;
			proxyType = 1;
			remoteGlobalIDString = 521077B11124B6C000AB3826;
			remoteInfo = "libx3d.a (Upgraded)";
		};
/* End PBXContainerItemProxy section */

/* Begin PBXFileReference section */
		521077EA1124B6C000AB3826 /* libx3d.a */ = {isa = PBXFileReference; explicitFileType = archive.ar; includeInIndex = 0; path = libx3d.a; sourceTree = BUILT_PRODUCTS_DIR; };
		521077FE1124B6C000AB3826 /* Info-test1.plist */ = {isa = PBXFileReference; lastKnownFileType = text.plist.xml; path = "Info-test1.plist"; sourceTree = "<group>"; };
		521077FF1124B6C000AB3826 /* test1.app */ = {isa = PBXFileReference; explicitFileType = wrapper.application; includeInIndex = 0; path = test1.app; sourceTree = BUILT_PRODUCTS_DIR; };
		521078161124B6C000AB3826 /* Info-cornell_box.plist */ = {isa = PBXFileReference; lastKnownFileType = text.plist.xml; path = "Info-cornell_box.plist"; sourceTree = "<group>"; };
		521078171124B6C000AB3826 /* cornell_box.app */ = {isa = PBXFileReference; explicitFileType = wrapper.application; includeInIndex = 0; path = cornell_box.app; sourceTree = BUILT_PRODUCTS_DIR; };
		F5072F9003EDBE0901A80164 /* color.h */ = {isa = PBXFileReference; fileEncoding = 30; lastKnownFileType = sourcecode.c.h; path = color.h; sourceTree = "<group>"; };
		F59D7EAD03F2194701A80164 /* hemicube.h */ = {isa = PBXFileReference; fileEncoding = 30; lastKnownFileType = sourcecode.c.h; path = hemicube.h; sourceTree = "<group>"; };
		F59D7EB103F219C601A80164 /* element.h */ = {isa = PBXFileReference; fileEncoding = 30; lastKnownFileType = sourcecode.c.h; path = element.h; sourceTree = "<group>"; };
		F59D7EB303F21C3301A80164 /* element.cpp */ = {isa = PBXFileReference; fileEncoding = 30; lastKnownFileType = sourcecode.cpp.cpp; path = element.cpp; sourceTree = "<group>"; };
		F59D7EB603F2310C01A80164 /* main.cpp */ = {isa = PBXFileReference; fileEncoding = 30; lastKnownFileType = sourcecode.cpp.cpp; path = main.cpp; sourceTree = "<group>"; };
		F59D7EB703F2310C01A80164 /* window.cpp */ = {isa = PBXFileReference; fileEncoding = 30; lastKnownFileType = sourcecode.cpp.cpp; path = window.cpp; sourceTree = "<group>"; };
		F59D7EB803F2310C01A80164 /* window.h */ = {isa = PBXFileReference; fileEncoding = 30; lastKnownFileType = sourcecode.c.h; path = window.h; sourceTree = "<group>"; };
		F5A36AF503D1D3D601A8015F /* ieee_fp.h */ = {isa = PBXFileReference; fileEncoding = 30; lastKnownFileType = sourcecode.c.h; path = ieee_fp.h; sourceTree = "<group>"; };
		F5A36B0303D1D3D601A8015F /* x3d.h */ = {isa = PBXFileReference; fileEncoding = 30; lastKnownFileType = sourcecode.c.h; path = x3d.h; sourceTree = "<group>"; };
		F5A36B3003D1D6C301A8015F /* GLUT.framework */ = {isa = PBXFileReference; lastKnownFileType = wrapper.framework; name = GLUT.framework; path = /System/Library/Frameworks/GLUT.framework; sourceTree = "<absolute>"; };
		F5A36B6403D1D84C01A8015F /* OpenGL.framework */ = {isa = PBXFileReference; lastKnownFileType = wrapper.framework; name = OpenGL.framework; path = /System/Library/Frameworks/OpenGL.framework; sourceTree = "<absolute>"; };
		F5A36BDD03D217A801A8015F /* opengl.h */ = {isa = PBXFileReference; fileEncoding = 30; lastKnownFileType = sourcecode.c.h; path = opengl.h; sourceTree = "<group>"; };
		F5A36C0303D21A9501A8015F /* Cocoa.framework */ = {isa = PBXFileReference; lastKnownFileType = wrapper.framework; name = Cocoa.framework; path = /System/Library/Frameworks/Cocoa.framework; sourceTree = "<absolute>"; };
		F5BDAB0803D9363D01A8015F /* point3.h */ = {isa = PBXFileReference; fileEncoding = 30; lastKnownFileType = sourcecode.c.h; path = point3.h; sourceTree = "<group>"; };
		F5BDAB0B03D9363D01A8015F /* vector3.h */ = {isa = PBXFileReference; fileEncoding = 30; lastKnownFileType = sourcecode.c.h; path = vector3.h; sourceTree = "<group>"; };
		F5D05DA403F0DD1001A80164 /* hemicube.cpp */ = {isa = PBXFileReference; fileEncoding = 30; lastKnownFileType = sourcecode.cpp.cpp; path = hemicube.cpp; sourceTree = "<group>"; };
		F5D1793103F3645701A80164 /* radiosity.h */ = {isa = PBXFileReference; fileEncoding = 30; lastKnownFileType = sourcecode.c.h; path = radiosity.h; sourceTree = "<group>"; };
		F5D1793203F3645701A80164 /* radiosity.cpp */ = {isa = PBXFileReference; fileEncoding = 30; lastKnownFileType = sourcecode.cpp.cpp; path = radiosity.cpp; sourceTree = "<group>"; };
/* End PBXFileReference section */

/* Begin PBXFrameworksBuildPhase section */
		521077E41124B6C000AB3826 /* Frameworks */ = {
			isa = PBXFrameworksBuildPhase;
			buildActionMask = 2147483647;
			files = (
			);
			runOnlyForDeploymentPostprocessing = 0;
		};
		521077F41124B6C000AB3826 /* Frameworks */ = {
			isa = PBXFrameworksBuildPhase;
			buildActionMask = 2147483647;
			files = (
				521077F51124B6C000AB3826 /* OpenGL.framework in Frameworks */,
				521077F61124B6C000AB3826 /* GLUT.framework in Frameworks */,
				5210781D1124B6C000AB3826 /* libx3d.a in Frameworks */,
				521077F81124B6C000AB3826 /* Cocoa.framework in Frameworks */,
			);
			runOnlyForDeploymentPostprocessing = 0;
		};
		5210780C1124B6C000AB3826 /* Frameworks */ = {
			isa = PBXFrameworksBuildPhase;
			buildActionMask = 2147483647;
			files = (
				5210781E1124B6C000AB3826 /* libx3d.a in Frameworks */,
				5210780E1124B6C000AB3826 /* OpenGL.framework in Frameworks */,
				5210780F1124B6C000AB3826 /* GLUT.framework in Frameworks */,
				521078101124B6C000AB3826 /* Cocoa.framework in Frameworks */,
			);
			runOnlyForDeploymentPostprocessing = 0;
		};
/* End PBXFrameworksBuildPhase section */

/* Begin PBXGroup section */
		F59D7EAC03F218E101A80164 /* radiosity */ = {
			isa = PBXGroup;
			children = (
				F59D7EAD03F2194701A80164 /* hemicube.h */,
				F59D7EB103F219C601A80164 /* element.h */,
			);
			path = radiosity;
			sourceTree = "<group>";
		};
		F59D7EB503F2310C01A80164 /* cornell_box */ = {
			isa = PBXGroup;
			children = (
				F59D7EB603F2310C01A80164 /* main.cpp */,
				F59D7EB703F2310C01A80164 /* window.cpp */,
				F59D7EB803F2310C01A80164 /* window.h */,
				F5D1793103F3645701A80164 /* radiosity.h */,
				F5D1793203F3645701A80164 /* radiosity.cpp */,
			);
			path = cornell_box;
			sourceTree = "<group>";
		};
		F5A36AE103D1D35201A8015F = {
			isa = PBXGroup;
			children = (
				F5A36B7903D1D86401A8015F /* Frameworks */,
				F5A36AED03D1D3D601A8015F /* include */,
				F5A36B1803D1D3E501A8015F /* source */,
				F5A36B4703D1D77901A8015F /* samples */,
				F5A36AEC03D1D3B401A8015F /* Products */,
				521077FE1124B6C000AB3826 /* Info-test1.plist */,
				521078161124B6C000AB3826 /* Info-cornell_box.plist */,
			);
			sourceTree = "<group>";
		};
		F5A36AEC03D1D3B401A8015F /* Products */ = {
			isa = PBXGroup;
			children = (
				521077EA1124B6C000AB3826 /* libx3d.a */,
				521077FF1124B6C000AB3826 /* test1.app */,
				521078171124B6C000AB3826 /* cornell_box.app */,
			);
			name = Products;
			sourceTree = "<group>";
		};
		F5A36AED03D1D3D601A8015F /* include */ = {
			isa = PBXGroup;
			children = (
				F5A36AEE03D1D3D601A8015F /* x3d */,
			);
			name = include;
			path = ../include;
			sourceTree = SOURCE_ROOT;
		};
		F5A36AEE03D1D3D601A8015F /* x3d */ = {
			isa = PBXGroup;
			children = (
				F5A36AF503D1D3D601A8015F /* ieee_fp.h */,
				F5A36B0303D1D3D601A8015F /* x3d.h */,
				F5A36BDD03D217A801A8015F /* opengl.h */,
				F5BDAB0803D9363D01A8015F /* point3.h */,
				F5BDAB0B03D9363D01A8015F /* vector3.h */,
				F5072F9003EDBE0901A80164 /* color.h */,
				F59D7EAC03F218E101A80164 /* radiosity */,
			);
			path = x3d;
			sourceTree = "<group>";
		};
		F5A36B1803D1D3E501A8015F /* source */ = {
			isa = PBXGroup;
			children = (
				F5D05DA403F0DD1001A80164 /* hemicube.cpp */,
				F59D7EB303F21C3301A80164 /* element.cpp */,
			);
			name = source;
			path = ../source;
			sourceTree = SOURCE_ROOT;
		};
		F5A36B4703D1D77901A8015F /* samples */ = {
			isa = PBXGroup;
			children = (
				F59D7EB503F2310C01A80164 /* cornell_box */,
			);
			name = samples;
			path = ../samples;
			sourceTree = SOURCE_ROOT;
		};
		F5A36B7903D1D86401A8015F /* Frameworks */ = {
			isa = PBXGroup;
			children = (
				F5A36C0303D21A9501A8015F /* Cocoa.framework */,
				F5A36B6403D1D84C01A8015F /* OpenGL.framework */,
				F5A36B3003D1D6C301A8015F /* GLUT.framework */,
			);
			name = Frameworks;
			sourceTree = "<group>";
		};
/* End PBXGroup section */

/* Begin PBXHeadersBuildPhase section */
		521077B21124B6C000AB3826 /* Headers */ = {
			isa = PBXHeadersBuildPhase;
			buildActionMask = 2147483647;
			files = (
				521077B81124B6C000AB3826 /* ieee_fp.h in Headers */,
				521077C51124B6C000AB3826 /* x3d.h in Headers */,
				521077C61124B6C000AB3826 /* opengl.h in Headers */,
				521077CB1124B6C000AB3826 /* point3.h in Headers */,
				521077CE1124B6C000AB3826 /* vector3.h in Headers */,
				521077D01124B6C000AB3826 /* color.h in Headers */,
				521077D11124B6C000AB3826 /* hemicube.h in Headers */,
				521077D31124B6C000AB3826 /* element.h in Headers */,
			);
			runOnlyForDeploymentPostprocessing = 0;
		};
		521077EE1124B6C000AB3826 /* Headers */ = {
			isa = PBXHeadersBuildPhase;
			buildActionMask = 2147483647;
			files = (
			);
			runOnlyForDeploymentPostprocessing = 0;
		};
		521078041124B6C000AB3826 /* Headers */ = {
			isa = PBXHeadersBuildPhase;
			buildActionMask = 2147483647;
			files = (
				521078051124B6C000AB3826 /* window.h in Headers */,
				521078061124B6C000AB3826 /* radiosity.h in Headers */,
			);
			runOnlyForDeploymentPostprocessing = 0;
		};
/* End PBXHeadersBuildPhase section */

/* Begin PBXNativeTarget section */
		521077B11124B6C000AB3826 /* libx3d.a */ = {
			isa = PBXNativeTarget;
			buildConfigurationList = 521077E61124B6C000AB3826 /* Build configuration list for PBXNativeTarget "libx3d.a" */;
			buildPhases = (
				521077B21124B6C000AB3826 /* Headers */,
				521077D51124B6C000AB3826 /* Sources */,
				521077E41124B6C000AB3826 /* Frameworks */,
				521077E51124B6C000AB3826 /* Rez */,
			);
			buildRules = (
			);
			dependencies = (
			);
			name = libx3d.a;
			productInstallPath = /usr/local/lib;
			productName = libx3d.a;
			productReference = 521077EA1124B6C000AB3826 /* libx3d.a */;
			productType = "com.apple.product-type.library.static";
		};
		521077EB1124B6C000AB3826 /* test1 */ = {
			isa = PBXNativeTarget;
			buildConfigurationList = 521077FA1124B6C000AB3826 /* Build configuration list for PBXNativeTarget "test1" */;
			buildPhases = (
				521077EE1124B6C000AB3826 /* Headers */,
				521077F01124B6C000AB3826 /* Resources */,
				521077F11124B6C000AB3826 /* Sources */,
				521077F41124B6C000AB3826 /* Frameworks */,
				521077F91124B6C000AB3826 /* Rez */,
			);
			buildRules = (
			);
			dependencies = (
				5210781A1124B6C000AB3826 /* PBXTargetDependency */,
			);
			name = test1;
			productInstallPath = "$(USER_APPS_DIR)";
			productName = test1;
			productReference = 521077FF1124B6C000AB3826 /* test1.app */;
			productType = "com.apple.product-type.application";
		};
		521078011124B6C000AB3826 /* cornell_box */ = {
			isa = PBXNativeTarget;
			buildConfigurationList = 521078121124B6C000AB3826 /* Build configuration list for PBXNativeTarget "cornell_box" */;
			buildPhases = (
				521078041124B6C000AB3826 /* Headers */,
				521078071124B6C000AB3826 /* Resources */,
				521078081124B6C000AB3826 /* Sources */,
				5210780C1124B6C000AB3826 /* Frameworks */,
				521078111124B6C000AB3826 /* Rez */,
			);
			buildRules = (
			);
			dependencies = (
				5210781C1124B6C000AB3826 /* PBXTargetDependency */,
			);
			name = cornell_box;
			productInstallPath = "$(USER_APPS_DIR)";
			productName = cornell_box;
			productReference = 521078171124B6C000AB3826 /* cornell_box.app */;
			productType = "com.apple.product-type.application";
		};
/* End PBXNativeTarget section */

/* Begin PBXProject section */
		F5A36AE503D1D35201A8015F /* Project object */ = {
			isa = PBXProject;
			attributes = {
			};
			buildConfigurationList = 52C227EA0CBF481400F8D235 /* Build configuration list for PBXProject "x3d" */;
			compatibilityVersion = "Xcode 2.4";
			developmentRegion = en;
			hasScannedForEncodings = 1;
			knownRegions = (
				en,
			);
			mainGroup = F5A36AE103D1D35201A8015F;
			productRefGroup = F5A36AEC03D1D3B401A8015F /* Products */;
			projectDirPath = "";
			projectRoot = "";
			targets = (
				521077B11124B6C000AB3826 /* libx3d.a */,
				521077EB1124B6C000AB3826 /* test1 */,
				521078011124B6C000AB3826 /* cornell_box */,
			);
		};
/* End PBXProject section */

/* Begin PBXResourcesBuildPhase section */
		521077F01124B6C000AB3826 /* Resources */ = {
			isa = PBXResourcesBuildPhase;
			buildActionMask = 2147483647;
			files = (
			);
			runOnlyForDeploymentPostprocessing = 0;
		};
		521078071124B6C000AB3826 /* Resources */ = {
			isa = PBXResourcesBuildPhase;
			buildActionMask = 2147483647;
			files = (
			);
			runOnlyForDeploymentPostprocessing = 0;
		};
/* End PBXResourcesBuildPhase section */

/* Begin PBXRezBuildPhase section */
		521077E51124B6C000AB3826 /* Rez */ = {
			isa = PBXRezBuildPhase;
			buildActionMask = 2147483647;
			files = (
			);
			runOnlyForDeploymentPostprocessing = 0;
		};
		521077F91124B6C000AB3826 /* Rez */ = {
			isa = PBXRezBuildPhase;
			buildActionMask = 2147483647;
			files = (
			);
			runOnlyForDeploymentPostprocessing = 0;
		};
		521078111124B6C000AB3826 /* Rez */ = {
			isa = PBXRezBuildPhase;
			buildActionMask = 2147483647;
			files = (
			);
			runOnlyForDeploymentPostprocessing = 0;
		};
/* End PBXRezBuildPhase section */

/* Begin PBXSourcesBuildPhase section */
		521077D51124B6C000AB3826 /* Sources */ = {
			isa = PBXSourcesBuildPhase;
			buildActionMask = 2147483647;
			files = (
				521077E11124B6C000AB3826 /* hemicube.cpp in Sources */,
				521077E21124B6C000AB3826 /* element.cpp in Sources */,
			);
			runOnlyForDeploymentPostprocessing = 0;
		};
		521077F11124B6C000AB3826 /* Sources */ = {
			isa = PBXSourcesBuildPhase;
			buildActionMask = 2147483647;
			files = (
			);
			runOnlyForDeploymentPostprocessing = 0;
		};
		521078081124B6C000AB3826 /* Sources */ = {
			isa = PBXSourcesBuildPhase;
			buildActionMask = 2147483647;
			files = (
				521078091124B6C000AB3826 /* main.cpp in Sources */,
				5210780A1124B6C000AB3826 /* window.cpp in Sources */,
				5210780B1124B6C000AB3826 /* radiosity.cpp in Sources */,
			);
			runOnlyForDeploymentPostprocessing = 0;
		};
/* End PBXSourcesBuildPhase section */

/* Begin PBXTargetDependency section */
		5210781A1124B6C000AB3826 /* PBXTargetDependency */ = {
			isa = PBXTargetDependency;
			target = 521077B11124B6C000AB3826 /* libx3d.a */;
			targetProxy = 521078191124B6C000AB3826 /* PBXContainerItemProxy */;
		};
		5210781C1124B6C000AB3826 /* PBXTargetDependency */ = {
			isa = PBXTargetDependency;
			target = 521077B11124B6C000AB3826 /* libx3d.a */;
			targetProxy = 5210781B1124B6C000AB3826 /* PBXContainerItemProxy */;
		};
/* End PBXTargetDependency section */

/* Begin XCBuildConfiguration section */
		521077E71124B6C000AB3826 /* Development */ = {
			isa = XCBuildConfiguration;
			buildSettings = {
				COPY_PHASE_STRIP = NO;
				DYLIB_COMPATIBILITY_VERSION = 1;
				DYLIB_CURRENT_VERSION = 1;
				GCC_DYNAMIC_NO_PIC = NO;
				GCC_ENABLE_FIX_AND_CONTINUE = YES;
				GCC_GENERATE_DEBUGGING_SYMBOLS = YES;
				GCC_OPTIMIZATION_LEVEL = 0;
				HEADER_SEARCH_PATHS = ../include;
				LIBRARY_STYLE = STATIC;
				OTHER_CFLAGS = "";
				OTHER_LDFLAGS = "";
				OTHER_LIBTOOL_FLAGS = "";
				OTHER_REZFLAGS = "";
				PRODUCT_NAME = x3d;
				REZ_EXECUTABLE = YES;
				SECTORDER_FLAGS = "";
				WARNING_CFLAGS = (
					"-Wmost",
					"-Wno-four-char-constants",
					"-Wno-unknown-pragmas",
				);
				ZERO_LINK = YES;
			};
			name = Development;
		};
		521077E81124B6C000AB3826 /* Deployment */ = {
			isa = XCBuildConfiguration;
			buildSettings = {
				COPY_PHASE_STRIP = YES;
				DYLIB_COMPATIBILITY_VERSION = 1;
				DYLIB_CURRENT_VERSION = 1;
				GCC_ENABLE_FIX_AND_CONTINUE = NO;
				GCC_OPTIMIZATION_LEVEL = 0;
				HEADER_SEARCH_PATHS = ../include;
				LIBRARY_STYLE = STATIC;
				OTHER_CFLAGS = "";
				OTHER_LDFLAGS = "";
				OTHER_LIBTOOL_FLAGS = "";
				OTHER_REZFLAGS = "";
				PRODUCT_NAME = x3d;
				REZ_EXECUTABLE = YES;
				SECTORDER_FLAGS = "";
				WARNING_CFLAGS = (
					"-Wmost",
					"-Wno-four-char-constants",
					"-Wno-unknown-pragmas",
				);
				ZERO_LINK = NO;
			};
			name = Deployment;
		};
		521077E91124B6C000AB3826 /* Default */ = {
			isa = XCBuildConfiguration;
			buildSettings = {
				DYLIB_COMPATIBILITY_VERSION = 1;
				DYLIB_CURRENT_VERSION = 1;
				GCC_OPTIMIZATION_LEVEL = 0;
				HEADER_SEARCH_PATHS = ../include;
				LIBRARY_STYLE = STATIC;
				OTHER_CFLAGS = "";
				OTHER_LDFLAGS = "";
				OTHER_LIBTOOL_FLAGS = "";
				OTHER_REZFLAGS = "";
				PRODUCT_NAME = x3d;
				REZ_EXECUTABLE = YES;
				SECTORDER_FLAGS = "";
				WARNING_CFLAGS = (
					"-Wmost",
					"-Wno-four-char-constants",
					"-Wno-unknown-pragmas",
				);
			};
			name = Default;
		};
		521077FB1124B6C000AB3826 /* Development */ = {
			isa = XCBuildConfiguration;
			buildSettings = {
				COPY_PHASE_STRIP = NO;
				GCC_DYNAMIC_NO_PIC = NO;
				GCC_ENABLE_FIX_AND_CONTINUE = YES;
				GCC_GENERATE_DEBUGGING_SYMBOLS = YES;
				GCC_OPTIMIZATION_LEVEL = 0;
				GCC_SYMBOLS_PRIVATE_EXTERN = NO;
				HEADER_SEARCH_PATHS = ../include;
				INFOPLIST_FILE = "Info-test1.plist";
				LIBRARY_SEARCH_PATHS = (
					"$(inherited)",
					"$(LIBRARY_SEARCH_PATHS_QUOTED_FOR_TARGET_1)",
				);
				LIBRARY_SEARCH_PATHS_QUOTED_FOR_TARGET_1 = "\"$(SRCROOT)/build/Deployment\"";
				OTHER_CFLAGS = "";
				OTHER_LDFLAGS = "";
				OTHER_REZFLAGS = "";
				PRODUCT_NAME = test1;
				SECTORDER_FLAGS = "";
				WARNING_CFLAGS = (
					"-Wmost",
					"-Wno-four-char-constants",
					"-Wno-unknown-pragmas",
				);
				WRAPPER_EXTENSION = app;
				ZERO_LINK = YES;
			};
			name = Development;
		};
		521077FC1124B6C000AB3826 /* Deployment */ = {
			isa = XCBuildConfiguration;
			buildSettings = {
				COPY_PHASE_STRIP = YES;
				GCC_ENABLE_FIX_AND_CONTINUE = NO;
				GCC_OPTIMIZATION_LEVEL = 0;
				GCC_SYMBOLS_PRIVATE_EXTERN = NO;
				HEADER_SEARCH_PATHS = ../include;
				INFOPLIST_FILE = "Info-test1.plist";
				LIBRARY_SEARCH_PATHS = (
					"$(inherited)",
					"$(LIBRARY_SEARCH_PATHS_QUOTED_FOR_TARGET_1)",
				);
				LIBRARY_SEARCH_PATHS_QUOTED_FOR_TARGET_1 = "\"$(SRCROOT)/build/Deployment\"";
				OTHER_CFLAGS = "";
				OTHER_LDFLAGS = "";
				OTHER_REZFLAGS = "";
				PRODUCT_NAME = test1;
				SECTORDER_FLAGS = "";
				WARNING_CFLAGS = (
					"-Wmost",
					"-Wno-four-char-constants",
					"-Wno-unknown-pragmas",
				);
				WRAPPER_EXTENSION = app;
				ZERO_LINK = NO;
			};
			name = Deployment;
		};
		521077FD1124B6C000AB3826 /* Default */ = {
			isa = XCBuildConfiguration;
			buildSettings = {
				GCC_OPTIMIZATION_LEVEL = 0;
				GCC_SYMBOLS_PRIVATE_EXTERN = NO;
				HEADER_SEARCH_PATHS = ../include;
				INFOPLIST_FILE = "Info-test1.plist";
				LIBRARY_SEARCH_PATHS = (
					"$(inherited)",
					"$(LIBRARY_SEARCH_PATHS_QUOTED_FOR_TARGET_1)",
				);
				LIBRARY_SEARCH_PATHS_QUOTED_FOR_TARGET_1 = "\"$(SRCROOT)/build/Deployment\"";
				OTHER_CFLAGS = "";
				OTHER_LDFLAGS = "";
				OTHER_REZFLAGS = "";
				PRODUCT_NAME = test1;
				SECTORDER_FLAGS = "";
				WARNING_CFLAGS = (
					"-Wmost",
					"-Wno-four-char-constants",
					"-Wno-unknown-pragmas",
				);
				WRAPPER_EXTENSION = app;
			};
			name = Default;
		};
		521078131124B6C000AB3826 /* Development */ = {
			isa = XCBuildConfiguration;
			buildSettings = {
				COPY_PHASE_STRIP = NO;
				GCC_DYNAMIC_NO_PIC = NO;
				GCC_ENABLE_FIX_AND_CONTINUE = YES;
				GCC_GENERATE_DEBUGGING_SYMBOLS = YES;
				GCC_OPTIMIZATION_LEVEL = 0;
				GCC_SYMBOLS_PRIVATE_EXTERN = NO;
				HEADER_SEARCH_PATHS = ../include;
				INFOPLIST_FILE = "Info-cornell_box.plist";
				LIBRARY_SEARCH_PATHS = (
					"$(inherited)",
					"$(LIBRARY_SEARCH_PATHS_QUOTED_FOR_TARGET_1)",
				);
				LIBRARY_SEARCH_PATHS_QUOTED_FOR_TARGET_1 = "\"$(SRCROOT)/build/Deployment\"";
				OTHER_CFLAGS = "";
				OTHER_LDFLAGS = "";
				OTHER_REZFLAGS = "";
				PRODUCT_NAME = cornell_box;
				SECTORDER_FLAGS = "";
				WARNING_CFLAGS = (
					"-Wmost",
					"-Wno-four-char-constants",
					"-Wno-unknown-pragmas",
				);
				WRAPPER_EXTENSION = app;
				ZERO_LINK = YES;
			};
			name = Development;
		};
		521078141124B6C000AB3826 /* Deployment */ = {
			isa = XCBuildConfiguration;
			buildSettings = {
				COPY_PHASE_STRIP = YES;
				GCC_ENABLE_FIX_AND_CONTINUE = NO;
				GCC_OPTIMIZATION_LEVEL = 0;
				GCC_SYMBOLS_PRIVATE_EXTERN = NO;
				HEADER_SEARCH_PATHS = ../include;
				INFOPLIST_FILE = "Info-cornell_box.plist";
				LIBRARY_SEARCH_PATHS = (
					"$(inherited)",
					"$(LIBRARY_SEARCH_PATHS_QUOTED_FOR_TARGET_1)",
				);
				LIBRARY_SEARCH_PATHS_QUOTED_FOR_TARGET_1 = "\"$(SRCROOT)/build/Deployment\"";
				OTHER_CFLAGS = "";
				OTHER_LDFLAGS = "";
				OTHER_REZFLAGS = "";
				PRODUCT_NAME = cornell_box;
				SECTORDER_FLAGS = "";
				WARNING_CFLAGS = (
					"-Wmost",
					"-Wno-four-char-constants",
					"-Wno-unknown-pragmas",
				);
				WRAPPER_EXTENSION = app;
				ZERO_LINK = NO;
			};
			name = Deployment;
		};
		521078151124B6C000AB3826 /* Default */ = {
			isa = XCBuildConfiguration;
			buildSettings = {
				GCC_OPTIMIZATION_LEVEL = 0;
				GCC_SYMBOLS_PRIVATE_EXTERN = NO;
				HEADER_SEARCH_PATHS = ../include;
				INFOPLIST_FILE = "Info-cornell_box.plist";
				LIBRARY_SEARCH_PATHS = (
					"$(inherited)",
					"$(LIBRARY_SEARCH_PATHS_QUOTED_FOR_TARGET_1)",
				);
				LIBRARY_SEARCH_PATHS_QUOTED_FOR_TARGET_1 = "\"$(SRCROOT)/build/Deployment\"";
				OTHER_CFLAGS = "";
				OTHER_LDFLAGS = "";
				OTHER_REZFLAGS = "";
				PRODUCT_NAME = cornell_box;
				SECTORDER_FLAGS = "";
				WARNING_CFLAGS = (
					"-Wmost",
					"-Wno-four-char-constants",
					"-Wno-unknown-pragmas",
				);
				WRAPPER_EXTENSION = app;
			};
			name = Default;
		};
		52C227EB0CBF481400F8D235 /* Development */ = {
			isa = XCBuildConfiguration;
			buildSettings = {
			};
			name = Development;
		};
		52C227EC0CBF481400F8D235 /* Deployment */ = {
			isa = XCBuildConfiguration;
			buildSettings = {
			};
			name = Deployment;
		};
		52C227ED0CBF481400F8D235 /* Default */ = {
			isa = XCBuildConfiguration;
			buildSettings = {
			};
			name = Default;
		};
/* End XCBuildConfiguration section */

/* Begin XCConfigurationList section */
		521077E61124B6C000AB3826 /* Build configuration list for PBXNativeTarget "libx3d.a" */ = {
			isa = XCConfigurationList;
			buildConfigurations = (
				521077E71124B6C000AB3826 /* Development */,
				521077E81124B6C000AB3826 /* Deployment */,
				521077E91124B6C000AB3826 /* Default */,
			);
			defaultConfigurationIsVisible = 0;
			defaultConfigurationName = Default;
		};
		521077FA1124B6C000AB3826 /* Build configuration list for PBXNativeTarget "test1" */ = {
			isa = XCConfigurationList;
			buildConfigurations = (
				521077FB1124B6C000AB3826 /* Development */,
				521077FC1124B6C000AB3826 /* Deployment */,
				521077FD1124B6C000AB3826 /* Default */,
			);
			defaultConfigurationIsVisible = 0;
			defaultConfigurationName = Default;
		};
		521078121124B6C000AB3826 /* Build configuration list for PBXNativeTarget "cornell_box" */ = {
			isa = XCConfigurationList;
			buildConfigurations = (
				521078131124B6C000AB3826 /* Development */,
				521078141124B6C000AB3826 /* Deployment */,
				521078151124B6C000AB3826 /* Default */,
			);
			defaultConfigurationIsVisible = 0;
			defaultConfigurationName = Default;
		};
		52C227EA0CBF481400F8D235 /* Build configuration list for PBXProject "x3d" */ = {
			isa = XCConfigurationList;
			buildConfigurations = (
				52C227EB0CBF481400F8D235 /* Development */,
				52C227EC0CBF481400F8D235 /* Deployment */,
				52C227ED0CBF481400F8D235 /* Default */,
			);
			defaultConfigurationIsVisible = 0;
			defaultConfigurationName = Default;
		};
/* End XCConfigurationList section */
	};
	rootObject = F5A36AE503D1D35201A8015F /* Project object */;
}
