// !$*UTF8*$!
{
	archiveVersion = 1;
	classes = {
	};
	objectVersion = 39;
	objects = {
		52BC166805F5B632002D857B = {
			containerPortal = F5A36AE503D1D35201A8015F;
			isa = PBXContainerItemProxy;
			proxyType = 1;
			remoteGlobalIDString = F5A36BA803D1D94101A8015F;
			remoteInfo = libx3d.a;
		};
		52BC166905F5B632002D857B = {
			containerPortal = F5A36AE503D1D35201A8015F;
			isa = PBXContainerItemProxy;
			proxyType = 1;
			remoteGlobalIDString = F5A36BA803D1D94101A8015F;
			remoteInfo = libx3d.a;
		};
//520
//521
//522
//523
//524
//F50
//F51
//F52
//F53
//F54
		F504BDE003D26E2A01A8015F = {
			fileEncoding = 30;
			isa = PBXFileReference;
			lastKnownFileType = file;
			path = translation.h;
			refType = 4;
			sourceTree = "<group>";
		};
		F504BDE103D26E2A01A8015F = {
			fileRef = F504BDE003D26E2A01A8015F;
			isa = PBXBuildFile;
			settings = {
			};
		};
		F504BDE203D26EA901A8015F = {
			fileEncoding = 30;
			isa = PBXFileReference;
			lastKnownFileType = file;
			path = translation.cpp;
			refType = 4;
			sourceTree = "<group>";
		};
		F504BDE303D26EA901A8015F = {
			fileRef = F504BDE203D26EA901A8015F;
			isa = PBXBuildFile;
			settings = {
			};
		};
		F5072F9003EDBE0901A80164 = {
			fileEncoding = 30;
			isa = PBXFileReference;
			lastKnownFileType = file;
			path = color.h;
			refType = 4;
			sourceTree = "<group>";
		};
		F5072F9103EDBE0901A80164 = {
			fileRef = F5072F9003EDBE0901A80164;
			isa = PBXBuildFile;
			settings = {
			};
		};
		F59D7EAC03F218E101A80164 = {
			children = (
				F59D7EAD03F2194701A80164,
				F59D7EAE03F2194701A80164,
				F59D7EB103F219C601A80164,
			);
			isa = PBXGroup;
			path = radiosity;
			refType = 4;
			sourceTree = "<group>";
		};
		F59D7EAD03F2194701A80164 = {
			fileEncoding = 30;
			isa = PBXFileReference;
			lastKnownFileType = file;
			path = hemicube.h;
			refType = 4;
			sourceTree = "<group>";
		};
		F59D7EAE03F2194701A80164 = {
			fileEncoding = 30;
			isa = PBXFileReference;
			lastKnownFileType = file;
			path = winged_edge.h;
			refType = 4;
			sourceTree = "<group>";
		};
		F59D7EAF03F2194701A80164 = {
			fileRef = F59D7EAD03F2194701A80164;
			isa = PBXBuildFile;
			settings = {
			};
		};
		F59D7EB003F2194701A80164 = {
			fileRef = F59D7EAE03F2194701A80164;
			isa = PBXBuildFile;
			settings = {
			};
		};
		F59D7EB103F219C601A80164 = {
			fileEncoding = 30;
			isa = PBXFileReference;
			lastKnownFileType = file;
			path = element.h;
			refType = 4;
			sourceTree = "<group>";
		};
		F59D7EB203F219C601A80164 = {
			fileRef = F59D7EB103F219C601A80164;
			isa = PBXBuildFile;
			settings = {
			};
		};
		F59D7EB303F21C3301A80164 = {
			fileEncoding = 30;
			isa = PBXFileReference;
			lastKnownFileType = file;
			path = element.cpp;
			refType = 4;
			sourceTree = "<group>";
		};
		F59D7EB403F21C3301A80164 = {
			fileRef = F59D7EB303F21C3301A80164;
			isa = PBXBuildFile;
			settings = {
			};
		};
		F59D7EB503F2310C01A80164 = {
			children = (
				F59D7EB603F2310C01A80164,
				F59D7EB703F2310C01A80164,
				F59D7EB803F2310C01A80164,
				F5D1793103F3645701A80164,
				F5D1793203F3645701A80164,
			);
			isa = PBXGroup;
			path = cornell_box;
			refType = 4;
			sourceTree = "<group>";
		};
		F59D7EB603F2310C01A80164 = {
			fileEncoding = 30;
			isa = PBXFileReference;
			lastKnownFileType = file;
			path = main.cpp;
			refType = 4;
			sourceTree = "<group>";
		};
		F59D7EB703F2310C01A80164 = {
			fileEncoding = 30;
			isa = PBXFileReference;
			lastKnownFileType = file;
			path = window.cpp;
			refType = 4;
			sourceTree = "<group>";
		};
		F59D7EB803F2310C01A80164 = {
			fileEncoding = 30;
			isa = PBXFileReference;
			lastKnownFileType = file;
			path = window.h;
			refType = 4;
			sourceTree = "<group>";
		};
		F59D7EB903F2313F01A80164 = {
			buildActionMask = 2147483647;
			files = (
				F59D7EC303F2314A01A80164,
				F5D1793303F3645701A80164,
			);
			isa = PBXHeadersBuildPhase;
			runOnlyForDeploymentPostprocessing = 0;
		};
		F59D7EBA03F2313F01A80164 = {
			buildActionMask = 2147483647;
			files = (
			);
			isa = PBXResourcesBuildPhase;
			runOnlyForDeploymentPostprocessing = 0;
		};
		F59D7EBB03F2313F01A80164 = {
			buildActionMask = 2147483647;
			files = (
				F59D7EC103F2314801A80164,
				F59D7EC203F2314901A80164,
				F5D1793403F3645701A80164,
			);
			isa = PBXSourcesBuildPhase;
			runOnlyForDeploymentPostprocessing = 0;
		};
		F59D7EBC03F2313F01A80164 = {
			buildActionMask = 2147483647;
			files = (
				F59D7EC503F2322A01A80164,
				F59D7EC603F2323F01A80164,
				F59D7EC703F2324001A80164,
				F59D7EC803F2324001A80164,
			);
			isa = PBXFrameworksBuildPhase;
			runOnlyForDeploymentPostprocessing = 0;
		};
		F59D7EBD03F2313F01A80164 = {
			buildActionMask = 2147483647;
			files = (
			);
			isa = PBXRezBuildPhase;
			runOnlyForDeploymentPostprocessing = 0;
		};
		F59D7EBE03F2313F01A80164 = {
			buildPhases = (
				F59D7EB903F2313F01A80164,
				F59D7EBA03F2313F01A80164,
				F59D7EBB03F2313F01A80164,
				F59D7EBC03F2313F01A80164,
				F59D7EBD03F2313F01A80164,
			);
			buildSettings = {
				HEADER_SEARCH_PATHS = ../include;
				OPTIMIZATION_CFLAGS = "-O0";
				OTHER_CFLAGS = "";
				OTHER_LDFLAGS = "";
				OTHER_REZFLAGS = "";
				PRODUCT_NAME = cornell_box;
				SECTORDER_FLAGS = "";
				WARNING_CFLAGS = "-Wmost -Wno-four-char-constants -Wno-unknown-pragmas";
				WRAPPER_EXTENSION = app;
			};
			dependencies = (
				F59D7EC403F2315801A80164,
			);
			isa = PBXApplicationTarget;
			name = cornell_box;
			productInstallPath = "$(USER_APPS_DIR)";
			productName = cornell_box;
			productReference = F59D7EBF03F2313F01A80164;
			productSettingsXML = "<?xml version=\"1.0\" encoding=\"UTF-8\"?>
<!DOCTYPE plist PUBLIC \"-//Apple Computer//DTD PLIST 1.0//EN\" \"http://www.apple.com/DTDs/PropertyList-1.0.dtd\">
<plist version=\"1.0\">
<dict>
	<key>CFBundleDevelopmentRegion</key>
	<string>English</string>
	<key>CFBundleExecutable</key>
	<string></string>
	<key>CFBundleGetInfoString</key>
	<string></string>
	<key>CFBundleIconFile</key>
	<string></string>
	<key>CFBundleIdentifier</key>
	<string></string>
	<key>CFBundleInfoDictionaryVersion</key>
	<string>6.0</string>
	<key>CFBundleName</key>
	<string></string>
	<key>CFBundlePackageType</key>
	<string>APPL</string>
	<key>CFBundleShortVersionString</key>
	<string></string>
	<key>CFBundleSignature</key>
	<string>????</string>
	<key>CFBundleVersion</key>
	<string>0.0.1d1</string>
</dict>
</plist>
";
		};
		F59D7EBF03F2313F01A80164 = {
			explicitFileType = wrapper.application;
			fallbackIsa = PBXFileReference;
			isa = PBXApplicationReference;
			path = cornell_box.app;
			refType = 3;
			sourceTree = BUILT_PRODUCTS_DIR;
		};
		F59D7EC103F2314801A80164 = {
			fileRef = F59D7EB603F2310C01A80164;
			isa = PBXBuildFile;
			settings = {
			};
		};
		F59D7EC203F2314901A80164 = {
			fileRef = F59D7EB703F2310C01A80164;
			isa = PBXBuildFile;
			settings = {
			};
		};
		F59D7EC303F2314A01A80164 = {
			fileRef = F59D7EB803F2310C01A80164;
			isa = PBXBuildFile;
			settings = {
			};
		};
		F59D7EC403F2315801A80164 = {
			isa = PBXTargetDependency;
			target = F5A36BA803D1D94101A8015F;
			targetProxy = 52BC166905F5B632002D857B;
		};
		F59D7EC503F2322A01A80164 = {
			fileRef = F5A36BA903D1D94101A8015F;
			isa = PBXBuildFile;
			settings = {
			};
		};
		F59D7EC603F2323F01A80164 = {
			fileRef = F5A36B6403D1D84C01A8015F;
			isa = PBXBuildFile;
			settings = {
			};
		};
		F59D7EC703F2324001A80164 = {
			fileRef = F5A36B3003D1D6C301A8015F;
			isa = PBXBuildFile;
			settings = {
			};
		};
		F59D7EC803F2324001A80164 = {
			fileRef = F5A36C0303D21A9501A8015F;
			isa = PBXBuildFile;
			settings = {
			};
		};
		F5A36AE103D1D35201A8015F = {
			children = (
				F5A36B7903D1D86401A8015F,
				F5A36AED03D1D3D601A8015F,
				F5A36B1803D1D3E501A8015F,
				F5A36B4703D1D77901A8015F,
				F5A36AEC03D1D3B401A8015F,
			);
			isa = PBXGroup;
			refType = 4;
			sourceTree = "<group>";
		};
		F5A36AE303D1D35201A8015F = {
			buildRules = (
			);
			buildSettings = {
				COPY_PHASE_STRIP = NO;
				GCC_DYNAMIC_NO_PIC = NO;
				GCC_ENABLE_FIX_AND_CONTINUE = YES;
				GCC_GENERATE_DEBUGGING_SYMBOLS = YES;
				GCC_OPTIMIZATION_LEVEL = 0;
				ZERO_LINK = YES;
			};
			isa = PBXBuildStyle;
			name = Development;
		};
		F5A36AE403D1D35201A8015F = {
			buildRules = (
			);
			buildSettings = {
				COPY_PHASE_STRIP = YES;
				GCC_ENABLE_FIX_AND_CONTINUE = NO;
				ZERO_LINK = NO;
			};
			isa = PBXBuildStyle;
			name = Deployment;
		};
		F5A36AE503D1D35201A8015F = {
			buildSettings = {
			};
			buildStyles = (
				F5A36AE303D1D35201A8015F,
				F5A36AE403D1D35201A8015F,
			);
			hasScannedForEncodings = 1;
			isa = PBXProject;
			mainGroup = F5A36AE103D1D35201A8015F;
			productRefGroup = F5A36AEC03D1D3B401A8015F;
			projectDirPath = "";
			targets = (
				F5A36BA803D1D94101A8015F,
				F5A36BF603D21A2701A8015F,
				F59D7EBE03F2313F01A80164,
			);
		};
		F5A36AEC03D1D3B401A8015F = {
			children = (
				F5A36BA903D1D94101A8015F,
				F5A36BF703D21A2701A8015F,
				F59D7EBF03F2313F01A80164,
			);
			isa = PBXGroup;
			name = Products;
			refType = 4;
			sourceTree = "<group>";
		};
		F5A36AED03D1D3D601A8015F = {
			children = (
				F5A36AEE03D1D3D601A8015F,
			);
			isa = PBXGroup;
			name = include;
			path = ../include;
			refType = 2;
			sourceTree = SOURCE_ROOT;
		};
		F5A36AEE03D1D3D601A8015F = {
			children = (
				F5A36AEF03D1D3D601A8015F,
				F5BDAB0303D9360801A8015F,
				F5A36AF103D1D3D601A8015F,
				F5A36AF203D1D3D601A8015F,
				F5A36AF303D1D3D601A8015F,
				F5A36AF403D1D3D601A8015F,
				F5A36AF503D1D3D601A8015F,
				F5A36AF603D1D3D601A8015F,
				F5A36AF703D1D3D601A8015F,
				F5A36AF803D1D3D601A8015F,
				F5A36AF903D1D3D601A8015F,
				F5A36AFA03D1D3D601A8015F,
				F5A36AFB03D1D3D601A8015F,
				F5A36AFC03D1D3D601A8015F,
				F5A36AFD03D1D3D601A8015F,
				F5A36AFE03D1D3D601A8015F,
				F5A36AFF03D1D3D601A8015F,
				F5A36B0003D1D3D601A8015F,
				F5A36B0103D1D3D601A8015F,
				F5A36B0303D1D3D601A8015F,
				F5A36BDD03D217A801A8015F,
				F504BDE003D26E2A01A8015F,
				F5BDAB0503D9362501A8015F,
				F5BDAB0703D9363D01A8015F,
				F5BDAB0803D9363D01A8015F,
				F5BDAB0903D9363D01A8015F,
				F5BDAB0A03D9363D01A8015F,
				F5BDAB0B03D9363D01A8015F,
				F5BDAB1103D93C0F01A8015F,
				F5072F9003EDBE0901A80164,
				F59D7EAC03F218E101A80164,
			);
			isa = PBXGroup;
			path = x3d;
			refType = 4;
			sourceTree = "<group>";
		};
		F5A36AEF03D1D3D601A8015F = {
			fileEncoding = 30;
			isa = PBXFileReference;
			lastKnownFileType = file;
			path = auto_release_pool.h;
			refType = 4;
			sourceTree = "<group>";
		};
		F5A36AF103D1D3D601A8015F = {
			fileEncoding = 30;
			isa = PBXFileReference;
			lastKnownFileType = file;
			path = collection.h;
			refType = 4;
			sourceTree = "<group>";
		};
		F5A36AF203D1D3D601A8015F = {
			fileEncoding = 30;
			isa = PBXFileReference;
			lastKnownFileType = file;
			path = cube.h;
			refType = 4;
			sourceTree = "<group>";
		};
		F5A36AF303D1D3D601A8015F = {
			fileEncoding = 30;
			isa = PBXFileReference;
			lastKnownFileType = file;
			path = field.h;
			refType = 4;
			sourceTree = "<group>";
		};
		F5A36AF403D1D3D601A8015F = {
			fileEncoding = 30;
			isa = PBXFileReference;
			lastKnownFileType = file;
			path = graph_node.h;
			refType = 4;
			sourceTree = "<group>";
		};
		F5A36AF503D1D3D601A8015F = {
			fileEncoding = 30;
			isa = PBXFileReference;
			lastKnownFileType = file;
			path = ieee_fp.h;
			refType = 4;
			sourceTree = "<group>";
		};
		F5A36AF603D1D3D601A8015F = {
			fileEncoding = 30;
			isa = PBXFileReference;
			lastKnownFileType = file;
			path = iteratable.h;
			refType = 4;
			sourceTree = "<group>";
		};
		F5A36AF703D1D3D601A8015F = {
			fileEncoding = 30;
			isa = PBXFileReference;
			lastKnownFileType = file;
			path = iterator.h;
			refType = 4;
			sourceTree = "<group>";
		};
		F5A36AF803D1D3D601A8015F = {
			fileEncoding = 30;
			isa = PBXFileReference;
			lastKnownFileType = file;
			path = observable.h;
			refType = 4;
			sourceTree = "<group>";
		};
		F5A36AF903D1D3D601A8015F = {
			fileEncoding = 30;
			isa = PBXFileReference;
			lastKnownFileType = file;
			path = observer.h;
			refType = 4;
			sourceTree = "<group>";
		};
		F5A36AFA03D1D3D601A8015F = {
			fileEncoding = 30;
			isa = PBXFileReference;
			lastKnownFileType = file;
			path = reference.h;
			refType = 4;
			sourceTree = "<group>";
		};
		F5A36AFB03D1D3D601A8015F = {
			fileEncoding = 30;
			isa = PBXFileReference;
			lastKnownFileType = file;
			path = renderable.h;
			refType = 4;
			sourceTree = "<group>";
		};
		F5A36AFC03D1D3D601A8015F = {
			fileEncoding = 30;
			isa = PBXFileReference;
			lastKnownFileType = file;
			path = retainable.h;
			refType = 4;
			sourceTree = "<group>";
		};
		F5A36AFD03D1D3D601A8015F = {
			fileEncoding = 30;
			isa = PBXFileReference;
			lastKnownFileType = file;
			path = rotation.h;
			refType = 4;
			sourceTree = "<group>";
		};
		F5A36AFE03D1D3D601A8015F = {
			fileEncoding = 30;
			isa = PBXFileReference;
			lastKnownFileType = file;
			path = scene.h;
			refType = 4;
			sourceTree = "<group>";
		};
		F5A36AFF03D1D3D601A8015F = {
			fileEncoding = 30;
			isa = PBXFileReference;
			lastKnownFileType = file;
			path = scene_view.h;
			refType = 4;
			sourceTree = "<group>";
		};
		F5A36B0003D1D3D601A8015F = {
			fileEncoding = 30;
			isa = PBXFileReference;
			lastKnownFileType = file;
			path = sphere.h;
			refType = 4;
			sourceTree = "<group>";
		};
		F5A36B0103D1D3D601A8015F = {
			fileEncoding = 30;
			isa = PBXFileReference;
			lastKnownFileType = file;
			path = transformation.h;
			refType = 4;
			sourceTree = "<group>";
		};
		F5A36B0303D1D3D601A8015F = {
			fileEncoding = 30;
			isa = PBXFileReference;
			lastKnownFileType = file;
			path = x3d.h;
			refType = 4;
			sourceTree = "<group>";
		};
		F5A36B1803D1D3E501A8015F = {
			children = (
				F5A36B1903D1D3E501A8015F,
				F5A36B1B03D1D3E501A8015F,
				F5A36B1C03D1D3E501A8015F,
				F5A36B1D03D1D3E501A8015F,
				F5A36B1E03D1D3E501A8015F,
				F5A36B1F03D1D3E501A8015F,
				F5A36B2003D1D3E501A8015F,
				F5A36B2103D1D3E501A8015F,
				F5A36B2203D1D3E501A8015F,
				F5A36B2303D1D3E501A8015F,
				F504BDE203D26EA901A8015F,
				F5D05DA403F0DD1001A80164,
				F59D7EB303F21C3301A80164,
			);
			isa = PBXGroup;
			name = source;
			path = ../source;
			refType = 2;
			sourceTree = SOURCE_ROOT;
		};
		F5A36B1903D1D3E501A8015F = {
			fileEncoding = 30;
			isa = PBXFileReference;
			lastKnownFileType = file;
			path = auto_release_pool.cpp;
			refType = 4;
			sourceTree = "<group>";
		};
		F5A36B1B03D1D3E501A8015F = {
			fileEncoding = 30;
			isa = PBXFileReference;
			lastKnownFileType = file;
			path = collection.cpp;
			refType = 4;
			sourceTree = "<group>";
		};
		F5A36B1C03D1D3E501A8015F = {
			fileEncoding = 30;
			isa = PBXFileReference;
			lastKnownFileType = file;
			path = cube.cpp;
			refType = 4;
			sourceTree = "<group>";
		};
		F5A36B1D03D1D3E501A8015F = {
			fileEncoding = 30;
			isa = PBXFileReference;
			lastKnownFileType = file;
			path = field.cpp;
			refType = 4;
			sourceTree = "<group>";
		};
		F5A36B1E03D1D3E501A8015F = {
			fileEncoding = 30;
			isa = PBXFileReference;
			lastKnownFileType = file;
			path = graph_node.cpp;
			refType = 4;
			sourceTree = "<group>";
		};
		F5A36B1F03D1D3E501A8015F = {
			fileEncoding = 30;
			isa = PBXFileReference;
			lastKnownFileType = file;
			path = rotation.cpp;
			refType = 4;
			sourceTree = "<group>";
		};
		F5A36B2003D1D3E501A8015F = {
			fileEncoding = 30;
			isa = PBXFileReference;
			lastKnownFileType = file;
			path = scene.cpp;
			refType = 4;
			sourceTree = "<group>";
		};
		F5A36B2103D1D3E501A8015F = {
			fileEncoding = 30;
			isa = PBXFileReference;
			lastKnownFileType = file;
			path = scene_view.cpp;
			refType = 4;
			sourceTree = "<group>";
		};
		F5A36B2203D1D3E501A8015F = {
			fileEncoding = 30;
			isa = PBXFileReference;
			lastKnownFileType = file;
			path = sphere.cpp;
			refType = 4;
			sourceTree = "<group>";
		};
		F5A36B2303D1D3E501A8015F = {
			fileEncoding = 30;
			isa = PBXFileReference;
			lastKnownFileType = file;
			path = transformation.cpp;
			refType = 4;
			sourceTree = "<group>";
		};
		F5A36B3003D1D6C301A8015F = {
			fallbackIsa = PBXFileReference;
			isa = PBXFrameworkReference;
			lastKnownFileType = wrapper.framework;
			name = GLUT.framework;
			path = /System/Library/Frameworks/GLUT.framework;
			refType = 0;
			sourceTree = "<absolute>";
		};
		F5A36B4703D1D77901A8015F = {
			children = (
				F5A36B4803D1D77901A8015F,
				F59D7EB503F2310C01A80164,
			);
			isa = PBXGroup;
			name = samples;
			path = ../samples;
			refType = 2;
			sourceTree = SOURCE_ROOT;
		};
		F5A36B4803D1D77901A8015F = {
			children = (
				F5A36B5203D1D77901A8015F,
				F5A36B5703D1D77901A8015F,
				F5A36B5803D1D77901A8015F,
			);
			isa = PBXGroup;
			path = test1;
			refType = 4;
			sourceTree = "<group>";
		};
		F5A36B5203D1D77901A8015F = {
			fileEncoding = 30;
			isa = PBXFileReference;
			lastKnownFileType = file;
			path = main.cpp;
			refType = 4;
			sourceTree = "<group>";
		};
		F5A36B5703D1D77901A8015F = {
			fileEncoding = 30;
			isa = PBXFileReference;
			lastKnownFileType = file;
			path = window.cpp;
			refType = 4;
			sourceTree = "<group>";
		};
		F5A36B5803D1D77901A8015F = {
			fileEncoding = 30;
			isa = PBXFileReference;
			lastKnownFileType = file;
			path = window.h;
			refType = 4;
			sourceTree = "<group>";
		};
		F5A36B6403D1D84C01A8015F = {
			fallbackIsa = PBXFileReference;
			isa = PBXFrameworkReference;
			lastKnownFileType = wrapper.framework;
			name = OpenGL.framework;
			path = /System/Library/Frameworks/OpenGL.framework;
			refType = 0;
			sourceTree = "<absolute>";
		};
		F5A36B7903D1D86401A8015F = {
			children = (
				F5A36C0303D21A9501A8015F,
				F5A36B6403D1D84C01A8015F,
				F5A36B3003D1D6C301A8015F,
			);
			isa = PBXGroup;
			name = Frameworks;
			refType = 4;
			sourceTree = "<group>";
		};
		F5A36BA403D1D94101A8015F = {
			buildActionMask = 2147483647;
			files = (
				F5A36BB503D1D95201A8015F,
				F5A36BB703D1D95301A8015F,
				F5A36BB803D1D95301A8015F,
				F5A36BB903D1D95401A8015F,
				F5A36BBA03D1D95501A8015F,
				F5A36BBB03D1D95601A8015F,
				F5A36BBC03D1D95701A8015F,
				F5A36BBD03D1D95701A8015F,
				F5A36BBE03D1D95801A8015F,
				F5A36BBF03D1D95801A8015F,
				F5A36BC003D1D95901A8015F,
				F5A36BC103D1D95901A8015F,
				F5A36BC203D1D95A01A8015F,
				F5A36BC303D1D95B01A8015F,
				F5A36BC403D1D95B01A8015F,
				F5A36BC503D1D95C01A8015F,
				F5A36BC603D1D95C01A8015F,
				F5A36BC703D1D95C01A8015F,
				F5A36BC803D1D95D01A8015F,
				F5A36BDE03D217A801A8015F,
				F504BDE103D26E2A01A8015F,
				F5BDAB0403D9360801A8015F,
				F5BDAB0603D9362501A8015F,
				F5BDAB0C03D9363D01A8015F,
				F5BDAB0D03D9363D01A8015F,
				F5BDAB0E03D9363D01A8015F,
				F5BDAB0F03D9363D01A8015F,
				F5BDAB1003D9363D01A8015F,
				F5BDAB1203D93C0F01A8015F,
				F5072F9103EDBE0901A80164,
				F59D7EAF03F2194701A80164,
				F59D7EB003F2194701A80164,
				F59D7EB203F219C601A80164,
			);
			isa = PBXHeadersBuildPhase;
			runOnlyForDeploymentPostprocessing = 0;
		};
		F5A36BA503D1D94101A8015F = {
			buildActionMask = 2147483647;
			files = (
				F5A36BAA03D1D94A01A8015F,
				F5A36BAC03D1D94B01A8015F,
				F5A36BAD03D1D94B01A8015F,
				F5A36BAE03D1D94C01A8015F,
				F5A36BAF03D1D94C01A8015F,
				F5A36BB003D1D94C01A8015F,
				F5A36BB103D1D94D01A8015F,
				F5A36BB203D1D94E01A8015F,
				F5A36BB303D1D94E01A8015F,
				F5A36BB403D1D95001A8015F,
				F504BDE303D26EA901A8015F,
				F5D05DA803F0DFF901A80164,
				F59D7EB403F21C3301A80164,
			);
			isa = PBXSourcesBuildPhase;
			runOnlyForDeploymentPostprocessing = 0;
		};
		F5A36BA603D1D94101A8015F = {
			buildActionMask = 2147483647;
			files = (
			);
			isa = PBXFrameworksBuildPhase;
			runOnlyForDeploymentPostprocessing = 0;
		};
		F5A36BA703D1D94101A8015F = {
			buildActionMask = 2147483647;
			files = (
			);
			isa = PBXRezBuildPhase;
			runOnlyForDeploymentPostprocessing = 0;
		};
		F5A36BA803D1D94101A8015F = {
			buildPhases = (
				F5A36BA403D1D94101A8015F,
				F5A36BA503D1D94101A8015F,
				F5A36BA603D1D94101A8015F,
				F5A36BA703D1D94101A8015F,
			);
			buildSettings = {
				DYLIB_COMPATIBILITY_VERSION = 1;
				DYLIB_CURRENT_VERSION = 1;
				HEADER_SEARCH_PATHS = ../include;
				LIBRARY_STYLE = STATIC;
				OPTIMIZATION_CFLAGS = "-O0";
				OTHER_CFLAGS = "";
				OTHER_LDFLAGS = "";
				OTHER_LIBTOOL_FLAGS = "";
				OTHER_REZFLAGS = "";
				PRODUCT_NAME = libx3d.a;
				REZ_EXECUTABLE = YES;
				SECTORDER_FLAGS = "";
				WARNING_CFLAGS = "-Wmost -Wno-four-char-constants -Wno-unknown-pragmas";
			};
			dependencies = (
			);
			isa = PBXLibraryTarget;
			name = libx3d.a;
			productInstallPath = /usr/local/lib;
			productName = libx3d.a;
			productReference = F5A36BA903D1D94101A8015F;
		};
		F5A36BA903D1D94101A8015F = {
			explicitFileType = "compiled.mach-o.dylib";
			fallbackIsa = PBXFileReference;
			isa = PBXLibraryReference;
			path = libx3d.a;
			refType = 3;
			sourceTree = BUILT_PRODUCTS_DIR;
		};
		F5A36BAA03D1D94A01A8015F = {
			fileRef = F5A36B1903D1D3E501A8015F;
			isa = PBXBuildFile;
			settings = {
			};
		};
		F5A36BAC03D1D94B01A8015F = {
			fileRef = F5A36B1B03D1D3E501A8015F;
			isa = PBXBuildFile;
			settings = {
			};
		};
		F5A36BAD03D1D94B01A8015F = {
			fileRef = F5A36B1C03D1D3E501A8015F;
			isa = PBXBuildFile;
			settings = {
			};
		};
		F5A36BAE03D1D94C01A8015F = {
			fileRef = F5A36B1D03D1D3E501A8015F;
			isa = PBXBuildFile;
			settings = {
			};
		};
		F5A36BAF03D1D94C01A8015F = {
			fileRef = F5A36B1E03D1D3E501A8015F;
			isa = PBXBuildFile;
			settings = {
			};
		};
		F5A36BB003D1D94C01A8015F = {
			fileRef = F5A36B1F03D1D3E501A8015F;
			isa = PBXBuildFile;
			settings = {
			};
		};
		F5A36BB103D1D94D01A8015F = {
			fileRef = F5A36B2003D1D3E501A8015F;
			isa = PBXBuildFile;
			settings = {
			};
		};
		F5A36BB203D1D94E01A8015F = {
			fileRef = F5A36B2103D1D3E501A8015F;
			isa = PBXBuildFile;
			settings = {
			};
		};
		F5A36BB303D1D94E01A8015F = {
			fileRef = F5A36B2203D1D3E501A8015F;
			isa = PBXBuildFile;
			settings = {
			};
		};
		F5A36BB403D1D95001A8015F = {
			fileRef = F5A36B2303D1D3E501A8015F;
			isa = PBXBuildFile;
			settings = {
			};
		};
		F5A36BB503D1D95201A8015F = {
			fileRef = F5A36AEF03D1D3D601A8015F;
			isa = PBXBuildFile;
			settings = {
			};
		};
		F5A36BB703D1D95301A8015F = {
			fileRef = F5A36AF103D1D3D601A8015F;
			isa = PBXBuildFile;
			settings = {
			};
		};
		F5A36BB803D1D95301A8015F = {
			fileRef = F5A36AF203D1D3D601A8015F;
			isa = PBXBuildFile;
			settings = {
			};
		};
		F5A36BB903D1D95401A8015F = {
			fileRef = F5A36AF403D1D3D601A8015F;
			isa = PBXBuildFile;
			settings = {
			};
		};
		F5A36BBA03D1D95501A8015F = {
			fileRef = F5A36AF303D1D3D601A8015F;
			isa = PBXBuildFile;
			settings = {
			};
		};
		F5A36BBB03D1D95601A8015F = {
			fileRef = F5A36AF503D1D3D601A8015F;
			isa = PBXBuildFile;
			settings = {
			};
		};
		F5A36BBC03D1D95701A8015F = {
			fileRef = F5A36AF603D1D3D601A8015F;
			isa = PBXBuildFile;
			settings = {
			};
		};
		F5A36BBD03D1D95701A8015F = {
			fileRef = F5A36AF703D1D3D601A8015F;
			isa = PBXBuildFile;
			settings = {
			};
		};
		F5A36BBE03D1D95801A8015F = {
			fileRef = F5A36AF803D1D3D601A8015F;
			isa = PBXBuildFile;
			settings = {
			};
		};
		F5A36BBF03D1D95801A8015F = {
			fileRef = F5A36AF903D1D3D601A8015F;
			isa = PBXBuildFile;
			settings = {
			};
		};
		F5A36BC003D1D95901A8015F = {
			fileRef = F5A36AFA03D1D3D601A8015F;
			isa = PBXBuildFile;
			settings = {
			};
		};
		F5A36BC103D1D95901A8015F = {
			fileRef = F5A36AFB03D1D3D601A8015F;
			isa = PBXBuildFile;
			settings = {
			};
		};
		F5A36BC203D1D95A01A8015F = {
			fileRef = F5A36AFC03D1D3D601A8015F;
			isa = PBXBuildFile;
			settings = {
			};
		};
		F5A36BC303D1D95B01A8015F = {
			fileRef = F5A36AFD03D1D3D601A8015F;
			isa = PBXBuildFile;
			settings = {
			};
		};
		F5A36BC403D1D95B01A8015F = {
			fileRef = F5A36AFE03D1D3D601A8015F;
			isa = PBXBuildFile;
			settings = {
			};
		};
		F5A36BC503D1D95C01A8015F = {
			fileRef = F5A36AFF03D1D3D601A8015F;
			isa = PBXBuildFile;
			settings = {
			};
		};
		F5A36BC603D1D95C01A8015F = {
			fileRef = F5A36B0003D1D3D601A8015F;
			isa = PBXBuildFile;
			settings = {
			};
		};
		F5A36BC703D1D95C01A8015F = {
			fileRef = F5A36B0103D1D3D601A8015F;
			isa = PBXBuildFile;
			settings = {
			};
		};
		F5A36BC803D1D95D01A8015F = {
			fileRef = F5A36B0303D1D3D601A8015F;
			isa = PBXBuildFile;
			settings = {
			};
		};
		F5A36BDD03D217A801A8015F = {
			fileEncoding = 30;
			isa = PBXFileReference;
			lastKnownFileType = file;
			path = opengl.h;
			refType = 4;
			sourceTree = "<group>";
		};
		F5A36BDE03D217A801A8015F = {
			fileRef = F5A36BDD03D217A801A8015F;
			isa = PBXBuildFile;
			settings = {
			};
		};
		F5A36BF103D21A2701A8015F = {
			buildActionMask = 2147483647;
			files = (
				F5A36BFF03D21A4201A8015F,
			);
			isa = PBXHeadersBuildPhase;
			runOnlyForDeploymentPostprocessing = 0;
		};
		F5A36BF203D21A2701A8015F = {
			buildActionMask = 2147483647;
			files = (
			);
			isa = PBXResourcesBuildPhase;
			runOnlyForDeploymentPostprocessing = 0;
		};
		F5A36BF303D21A2701A8015F = {
			buildActionMask = 2147483647;
			files = (
				F5A36C0003D21A4201A8015F,
				F5A36C0203D21A4301A8015F,
			);
			isa = PBXSourcesBuildPhase;
			runOnlyForDeploymentPostprocessing = 0;
		};
		F5A36BF403D21A2701A8015F = {
			buildActionMask = 2147483647;
			files = (
				F5A36BFA03D21A3B01A8015F,
				F5A36BFB03D21A3C01A8015F,
				F5A36BFC03D21A3D01A8015F,
				F5A36C0903D21A9501A8015F,
			);
			isa = PBXFrameworksBuildPhase;
			runOnlyForDeploymentPostprocessing = 0;
		};
		F5A36BF503D21A2701A8015F = {
			buildActionMask = 2147483647;
			files = (
			);
			isa = PBXRezBuildPhase;
			runOnlyForDeploymentPostprocessing = 0;
		};
		F5A36BF603D21A2701A8015F = {
			buildPhases = (
				F5A36BF103D21A2701A8015F,
				F5A36BF203D21A2701A8015F,
				F5A36BF303D21A2701A8015F,
				F5A36BF403D21A2701A8015F,
				F5A36BF503D21A2701A8015F,
			);
			buildSettings = {
				HEADER_SEARCH_PATHS = ../include;
				OPTIMIZATION_CFLAGS = "-O0";
				OTHER_CFLAGS = "";
				OTHER_LDFLAGS = "";
				OTHER_REZFLAGS = "";
				PRODUCT_NAME = test1;
				SECTORDER_FLAGS = "";
				WARNING_CFLAGS = "-Wmost -Wno-four-char-constants -Wno-unknown-pragmas";
				WRAPPER_EXTENSION = app;
			};
			dependencies = (
				F5A36BF903D21A2C01A8015F,
			);
			isa = PBXApplicationTarget;
			name = test1;
			productInstallPath = "$(USER_APPS_DIR)";
			productName = test1;
			productReference = F5A36BF703D21A2701A8015F;
			productSettingsXML = "<?xml version=\"1.0\" encoding=\"UTF-8\"?>
<!DOCTYPE plist PUBLIC \"-//Apple Computer//DTD PLIST 1.0//EN\" \"http://www.apple.com/DTDs/PropertyList-1.0.dtd\">
<plist version=\"1.0\">
<dict>
	<key>CFBundleDevelopmentRegion</key>
	<string>English</string>
	<key>CFBundleExecutable</key>
	<string></string>
	<key>CFBundleGetInfoString</key>
	<string></string>
	<key>CFBundleIconFile</key>
	<string></string>
	<key>CFBundleIdentifier</key>
	<string></string>
	<key>CFBundleInfoDictionaryVersion</key>
	<string>6.0</string>
	<key>CFBundleName</key>
	<string></string>
	<key>CFBundlePackageType</key>
	<string>APPL</string>
	<key>CFBundleShortVersionString</key>
	<string></string>
	<key>CFBundleSignature</key>
	<string>????</string>
	<key>CFBundleVersion</key>
	<string>0.0.1d1</string>
</dict>
</plist>
";
		};
		F5A36BF703D21A2701A8015F = {
			explicitFileType = wrapper.application;
			fallbackIsa = PBXFileReference;
			isa = PBXApplicationReference;
			path = test1.app;
			refType = 3;
			sourceTree = BUILT_PRODUCTS_DIR;
		};
		F5A36BF903D21A2C01A8015F = {
			isa = PBXTargetDependency;
			target = F5A36BA803D1D94101A8015F;
			targetProxy = 52BC166805F5B632002D857B;
		};
		F5A36BFA03D21A3B01A8015F = {
			fileRef = F5A36B6403D1D84C01A8015F;
			isa = PBXBuildFile;
			settings = {
			};
		};
		F5A36BFB03D21A3C01A8015F = {
			fileRef = F5A36B3003D1D6C301A8015F;
			isa = PBXBuildFile;
			settings = {
			};
		};
		F5A36BFC03D21A3D01A8015F = {
			fileRef = F5A36BA903D1D94101A8015F;
			isa = PBXBuildFile;
			settings = {
			};
		};
		F5A36BFF03D21A4201A8015F = {
			fileRef = F5A36B5803D1D77901A8015F;
			isa = PBXBuildFile;
			settings = {
			};
		};
		F5A36C0003D21A4201A8015F = {
			fileRef = F5A36B5703D1D77901A8015F;
			isa = PBXBuildFile;
			settings = {
			};
		};
		F5A36C0203D21A4301A8015F = {
			fileRef = F5A36B5203D1D77901A8015F;
			isa = PBXBuildFile;
			settings = {
			};
		};
		F5A36C0303D21A9501A8015F = {
			fallbackIsa = PBXFileReference;
			isa = PBXFrameworkReference;
			lastKnownFileType = wrapper.framework;
			name = Cocoa.framework;
			path = /System/Library/Frameworks/Cocoa.framework;
			refType = 0;
			sourceTree = "<absolute>";
		};
		F5A36C0903D21A9501A8015F = {
			fileRef = F5A36C0303D21A9501A8015F;
			isa = PBXBuildFile;
			settings = {
			};
		};
		F5BDAB0303D9360801A8015F = {
			fileEncoding = 30;
			isa = PBXFileReference;
			lastKnownFileType = file;
			name = bounds3.h;
			path = /Volumes/Work/Code/x3d/include/x3d/bounds3.h;
			refType = 0;
			sourceTree = "<absolute>";
		};
		F5BDAB0403D9360801A8015F = {
			fileRef = F5BDAB0303D9360801A8015F;
			isa = PBXBuildFile;
			settings = {
			};
		};
		F5BDAB0503D9362501A8015F = {
			fileEncoding = 30;
			isa = PBXFileReference;
			lastKnownFileType = file;
			path = interval.h;
			refType = 4;
			sourceTree = "<group>";
		};
		F5BDAB0603D9362501A8015F = {
			fileRef = F5BDAB0503D9362501A8015F;
			isa = PBXBuildFile;
			settings = {
			};
		};
		F5BDAB0703D9363D01A8015F = {
			fileEncoding = 30;
			isa = PBXFileReference;
			lastKnownFileType = file;
			path = matrix44.h;
			refType = 4;
			sourceTree = "<group>";
		};
		F5BDAB0803D9363D01A8015F = {
			fileEncoding = 30;
			isa = PBXFileReference;
			lastKnownFileType = file;
			path = point3.h;
			refType = 4;
			sourceTree = "<group>";
		};
		F5BDAB0903D9363D01A8015F = {
			fileEncoding = 30;
			isa = PBXFileReference;
			lastKnownFileType = file;
			path = quaternion.h;
			refType = 4;
			sourceTree = "<group>";
		};
		F5BDAB0A03D9363D01A8015F = {
			fileEncoding = 30;
			isa = PBXFileReference;
			lastKnownFileType = file;
			path = spring_damper.h;
			refType = 4;
			sourceTree = "<group>";
		};
		F5BDAB0B03D9363D01A8015F = {
			fileEncoding = 30;
			isa = PBXFileReference;
			lastKnownFileType = file;
			path = vector3.h;
			refType = 4;
			sourceTree = "<group>";
		};
		F5BDAB0C03D9363D01A8015F = {
			fileRef = F5BDAB0703D9363D01A8015F;
			isa = PBXBuildFile;
			settings = {
			};
		};
		F5BDAB0D03D9363D01A8015F = {
			fileRef = F5BDAB0803D9363D01A8015F;
			isa = PBXBuildFile;
			settings = {
			};
		};
		F5BDAB0E03D9363D01A8015F = {
			fileRef = F5BDAB0903D9363D01A8015F;
			isa = PBXBuildFile;
			settings = {
			};
		};
		F5BDAB0F03D9363D01A8015F = {
			fileRef = F5BDAB0A03D9363D01A8015F;
			isa = PBXBuildFile;
			settings = {
			};
		};
		F5BDAB1003D9363D01A8015F = {
			fileRef = F5BDAB0B03D9363D01A8015F;
			isa = PBXBuildFile;
			settings = {
			};
		};
		F5BDAB1103D93C0F01A8015F = {
			fileEncoding = 30;
			isa = PBXFileReference;
			lastKnownFileType = file;
			path = particle.h;
			refType = 4;
			sourceTree = "<group>";
		};
		F5BDAB1203D93C0F01A8015F = {
			fileRef = F5BDAB1103D93C0F01A8015F;
			isa = PBXBuildFile;
			settings = {
			};
		};
		F5D05DA403F0DD1001A80164 = {
			fileEncoding = 30;
			isa = PBXFileReference;
			lastKnownFileType = file;
			path = hemicube.cpp;
			refType = 4;
			sourceTree = "<group>";
		};
		F5D05DA803F0DFF901A80164 = {
			fileRef = F5D05DA403F0DD1001A80164;
			isa = PBXBuildFile;
			settings = {
			};
		};
		F5D1793103F3645701A80164 = {
			fileEncoding = 30;
			isa = PBXFileReference;
			lastKnownFileType = file;
			path = radiosity.h;
			refType = 4;
			sourceTree = "<group>";
		};
		F5D1793203F3645701A80164 = {
			fileEncoding = 30;
			isa = PBXFileReference;
			lastKnownFileType = file;
			path = radiosity.cpp;
			refType = 4;
			sourceTree = "<group>";
		};
		F5D1793303F3645701A80164 = {
			fileRef = F5D1793103F3645701A80164;
			isa = PBXBuildFile;
			settings = {
			};
		};
		F5D1793403F3645701A80164 = {
			fileRef = F5D1793203F3645701A80164;
			isa = PBXBuildFile;
			settings = {
			};
		};
	};
	rootObject = F5A36AE503D1D35201A8015F;
}
